
Microsoft Visual Studio Solution File, Format Version 12.00
# Visual Studio Version 16
VisualStudioVersion = 16.0.31005.135
MinimumVisualStudioVersion = 10.0.40219.1
Project("{FAE04EC0-301F-11D3-BF4B-00C04F79EFBC}") = "WAD.8392.DAL", "WAD.8392.DAL\WAD.8392.DAL.csproj", "{EB2098EE-8991-437D-A1CC-BB5585B7E3DF}"
EndProject
Project("{FAE04EC0-301F-11D3-BF4B-00C04F79EFBC}") = "WAD.8392.WebApp", "WAD.8392.WebApp\WAD.8392.WebApp.csproj", "{D52E3783-43F8-4068-93A4-5DF9FBEC2910}"
EndProject
Global
	GlobalSection(SolutionConfigurationPlatforms) = preSolution
		Debug|Any CPU = Debug|Any CPU
		Release|Any CPU = Release|Any CPU
	EndGlobalSection
	GlobalSection(ProjectConfigurationPlatforms) = postSolution
		{EB2098EE-8991-437D-A1CC-BB5585B7E3DF}.Debug|Any CPU.ActiveCfg = Debug|Any CPU
		{EB2098EE-8991-437D-A1CC-BB5585B7E3DF}.Debug|Any CPU.Build.0 = Debug|Any CPU
		{EB2098EE-8991-437D-A1CC-BB5585B7E3DF}.Release|Any CPU.ActiveCfg = Release|Any CPU
		{EB2098EE-8991-437D-A1CC-BB5585B7E3DF}.Release|Any CPU.Build.0 = Release|Any CPU
		{D52E3783-43F8-4068-93A4-5DF9FBEC2910}.Debug|Any CPU.ActiveCfg = Debug|Any CPU
		{D52E3783-43F8-4068-93A4-5DF9FBEC2910}.Debug|Any CPU.Build.0 = Debug|Any CPU
		{D52E3783-43F8-4068-93A4-5DF9FBEC2910}.Release|Any CPU.ActiveCfg = Release|Any CPU
		{D52E3783-43F8-4068-93A4-5DF9FBEC2910}.Release|Any CPU.Build.0 = Release|Any CPU
	EndGlobalSection
	GlobalSection(SolutionProperties) = preSolution
		HideSolutionNode = FALSE
	EndGlobalSection
	GlobalSection(ExtensibilityGlobals) = postSolution
		SolutionGuid = {C0C5E299-24DC-468A-B7D1-4A00AECB5538}
	EndGlobalSection
EndGlobal
